{
  "name": "dash",
  "version": "1.0.0",
  "lockfileVersion": 1,
  "requires": true,
  "dependencies": {
    "libdragon": {
      "version": "4.1.1",
      "resolved": "https://registry.npmjs.org/libdragon/-/libdragon-4.1.1.tgz",
      "integrity": "sha512-9xIMEo0G885gziPoHzYxJxvq2wP3LvIYN6CcHb89rqrOS0/dl5ef0TvA8cObcWa0CG6uyrvF/hEa6GUQgboDyA==",
      "dev": true,
      "requires": {
        "lodash": "^4.17.20"
      }
    },
    "lodash": {
      "version": "4.17.20",
      "resolved": "https://registry.npmjs.org/lodash/-/lodash-4.17.20.tgz",
      "integrity": "sha512-PlhdFcillOINfeV7Ni6oF1TAEayyZBoZ8bcshTHqOYJYlrqzRK5hagpagky5o4HfCzzd1TRkXPMFq6cKk9rGmA==",
      "dev": true
    }
  }
}
